
Microsoft Visual Studio Solution File, Format Version 12.00
# Visual Studio Version 16
VisualStudioVersion = 16.0.30225.117
MinimumVisualStudioVersion = 10.0.40219.1
Project("{FAE04EC0-301F-11D3-BF4B-00C04F79EFBC}") = "Detector de Animales", "Detector de Animales\Detector de Animales.csproj", "{D921A550-AD92-49F8-ACF6-7DDFC50EDC65}"
EndProject
Global
	GlobalSection(SolutionConfigurationPlatforms) = preSolution
		Debug|Any CPU = Debug|Any CPU
		Release|Any CPU = Release|Any CPU
	EndGlobalSection
	GlobalSection(ProjectConfigurationPlatforms) = postSolution
		{D921A550-AD92-49F8-ACF6-7DDFC50EDC65}.Debug|Any CPU.ActiveCfg = Debug|Any CPU
		{D921A550-AD92-49F8-ACF6-7DDFC50EDC65}.Debug|Any CPU.Build.0 = Debug|Any CPU
		{D921A550-AD92-49F8-ACF6-7DDFC50EDC65}.Release|Any CPU.ActiveCfg = Release|Any CPU
		{D921A550-AD92-49F8-ACF6-7DDFC50EDC65}.Release|Any CPU.Build.0 = Release|Any CPU
	EndGlobalSection
	GlobalSection(SolutionProperties) = preSolution
		HideSolutionNode = FALSE
	EndGlobalSection
	GlobalSection(ExtensibilityGlobals) = postSolution
		SolutionGuid = {BEE916D9-6D8E-49D2-B0EB-574F5BEE40ED}
	EndGlobalSection
EndGlobal
