
Microsoft Visual Studio Solution File, Format Version 12.00
# Visual Studio Version 16
VisualStudioVersion = 16.0.30225.117
MinimumVisualStudioVersion = 10.0.40219.1
Project("{FAE04EC0-301F-11D3-BF4B-00C04F79EFBC}") = "ATM Machine", "ATM Machine\ATM Machine.csproj", "{05715695-0339-424F-9CDE-9886920A975D}"
EndProject
Global
	GlobalSection(SolutionConfigurationPlatforms) = preSolution
		Debug|Any CPU = Debug|Any CPU
		Release|Any CPU = Release|Any CPU
	EndGlobalSection
	GlobalSection(ProjectConfigurationPlatforms) = postSolution
		{05715695-0339-424F-9CDE-9886920A975D}.Debug|Any CPU.ActiveCfg = Debug|Any CPU
		{05715695-0339-424F-9CDE-9886920A975D}.Debug|Any CPU.Build.0 = Debug|Any CPU
		{05715695-0339-424F-9CDE-9886920A975D}.Release|Any CPU.ActiveCfg = Release|Any CPU
		{05715695-0339-424F-9CDE-9886920A975D}.Release|Any CPU.Build.0 = Release|Any CPU
	EndGlobalSection
	GlobalSection(SolutionProperties) = preSolution
		HideSolutionNode = FALSE
	EndGlobalSection
	GlobalSection(ExtensibilityGlobals) = postSolution
		SolutionGuid = {03EBC7C7-17CB-45C3-8AD3-56CBE4063FDF}
	EndGlobalSection
EndGlobal
